{
	"name": "茶小橘化橘红茶",
	"version": "1.0.0",
	"lockfileVersion": 1,
	"requires": true,
	"dependencies": {
		"@amap/amap-jsapi-loader": {
			"version": "1.0.1",
			"resolved": "https://registry.npmmirror.com/@amap/amap-jsapi-loader/-/amap-jsapi-loader-1.0.1.tgz",
			"integrity": "sha512-nPyLKt7Ow/ThHLkSvn2etQlUzqxmTVgK7bIgwdBRTg2HK5668oN7xVxkaiRe3YZEzGzfV2XgH5Jmu2T73ljejw=="
		},
		"@escook/request-miniprogram": {
			"version": "0.2.1",
			"resolved": "https://registry.npmmirror.com/@escook/request-miniprogram/-/request-miniprogram-0.2.1.tgz",
			"integrity": "sha512-ueWV5YsaEm/ycQZuEjMiA88GFMhfBQSjy9GrP9omy4xAQajkGTbYIlnhzsDfWzRPmRC1fKmAiKMrCVcgS+SHcQ=="
		},
		"argparse": {
			"version": "1.0.10",
			"resolved": "https://registry.npmmirror.com/argparse/-/argparse-1.0.10.tgz",
			"integrity": "sha512-o5Roy6tNG4SL/FOkCAN6RzjiakZS25RLYFrcMttJqbdd8BWrnA+fGz57iN5Pb06pvBGvl5gQ0B48dJlslXvoTg==",
			"requires": {
				"sprintf-js": "~1.0.2"
			}
		},
		"bmaplib.curveline": {
			"version": "1.0.0",
			"resolved": "https://registry.npmmirror.com/bmaplib.curveline/-/bmaplib.curveline-1.0.0.tgz",
			"integrity": "sha512-9wcFMVhiYxNPqpvsLDAADn3qDhNzXp2mA6VyHSHg2XOAgSooC7ZiujdFhy0sp+0QYjTfJ/MjmLuNoUg2HHxH4Q=="
		},
		"bmaplib.heatmap": {
			"version": "1.0.4",
			"resolved": "https://registry.npmmirror.com/bmaplib.heatmap/-/bmaplib.heatmap-1.0.4.tgz",
			"integrity": "sha512-rmhqUARBpUSJ9jXzUI2j7dIOqnc38bqubkx/8a349U2qtw/ulLUwyzRD535OrA8G7w5cz4aPKm6/rNvUAarg/Q=="
		},
		"bmaplib.lushu": {
			"version": "1.0.7",
			"resolved": "https://registry.npmmirror.com/bmaplib.lushu/-/bmaplib.lushu-1.0.7.tgz",
			"integrity": "sha512-LVvgpESPii6xGxyjnQjq8u+ic4NjvhdCPV/RiSS/PGTUdZKeTDS7prSpleJLZH3ES0+oc0gYn8bw0LtPYUSz2w=="
		},
		"bmaplib.markerclusterer": {
			"version": "1.0.13",
			"resolved": "https://registry.npmmirror.com/bmaplib.markerclusterer/-/bmaplib.markerclusterer-1.0.13.tgz",
			"integrity": "sha512-VrLyWSiuDEVNi0yUfwOhFQ6z1oEEHS4w36GNu3iASu6p52QIx9uAXMUkuSCHReNR0bj2Cp9SA1dSx5RpojXajQ==",
			"requires": {
				"bmaplib.texticonoverlay": "^1.0.2"
			}
		},
		"bmaplib.texticonoverlay": {
			"version": "1.0.2",
			"resolved": "https://registry.npmmirror.com/bmaplib.texticonoverlay/-/bmaplib.texticonoverlay-1.0.2.tgz",
			"integrity": "sha512-4ZTWr4ZP3B6qEWput5Tut16CfZgII38YwM3bpyb4gFTQyORlKYryFp9WHWrwZZaHlOyYDAXG9SX0hka43jTADg=="
		},
		"dayjs": {
			"version": "1.11.7",
			"resolved": "https://registry.npmmirror.com/dayjs/-/dayjs-1.11.7.tgz",
			"integrity": "sha512-+Yw9U6YO5TQohxLcIkrXBeY73WP3ejHWVvx8XCk3gxvQDCTEmS48ZrSZCKciI7Bhl/uCMyxYtE9UqRILmFphkQ=="
		},
		"entities": {
			"version": "1.1.2",
			"resolved": "https://registry.npmmirror.com/entities/-/entities-1.1.2.tgz",
			"integrity": "sha512-f2LZMYl1Fzu7YSBKg+RoROelpOaNrcGmE9AZubeDfrCEia483oW4MI4VyFd5VNHIgQ/7qm1I0wUHK1eJnn2y2w=="
		},
		"linkify-it": {
			"version": "2.2.0",
			"resolved": "https://registry.npmmirror.com/linkify-it/-/linkify-it-2.2.0.tgz",
			"integrity": "sha512-GnAl/knGn+i1U/wjBz3akz2stz+HrHLsxMwHQGofCDfPvlf+gDKN58UtfmUquTY4/MXeE2x7k19KQmeoZi94Iw==",
			"requires": {
				"uc.micro": "^1.0.1"
			}
		},
		"markdown-it": {
			"version": "8.4.2",
			"resolved": "https://registry.npmmirror.com/markdown-it/-/markdown-it-8.4.2.tgz",
			"integrity": "sha512-GcRz3AWTqSUphY3vsUqQSFMbgR38a4Lh3GWlHRh/7MRwz8mcu9n2IO7HOh+bXHrR9kOPDl5RNCaEsrneb+xhHQ==",
			"requires": {
				"argparse": "^1.0.7",
				"entities": "~1.1.1",
				"linkify-it": "^2.0.0",
				"mdurl": "^1.0.1",
				"uc.micro": "^1.0.5"
			}
		},
		"mdurl": {
			"version": "1.0.1",
			"resolved": "https://registry.npmmirror.com/mdurl/-/mdurl-1.0.1.tgz",
			"integrity": "sha512-/sKlQJCBYVY9Ers9hqzKou4H6V5UWc/M59TH2dvkt+84itfnq7uFOMLpOiOS4ujvHP4etln18fmIxA5R5fll0g=="
		},
		"sprintf-js": {
			"version": "1.0.3",
			"resolved": "https://registry.npmmirror.com/sprintf-js/-/sprintf-js-1.0.3.tgz",
			"integrity": "sha512-D9cPgkvLlV3t3IzL0D0YLvGA9Ahk4PcvVwUbN0dSGr1aP0Nrt4AEnTUbuGvquEC0mA64Gqt1fzirlRs5ibXx8g=="
		},
		"uc.micro": {
			"version": "1.0.6",
			"resolved": "https://registry.npmmirror.com/uc.micro/-/uc.micro-1.0.6.tgz",
			"integrity": "sha512-8Y75pvTYkLJW2hWQHXxoqRgV7qb9B+9vFEtidML+7koHUFapnVJAZ6cKs+Qjz5Aw3aZWHMC6u0wJE3At+nSGwA=="
		},
		"vue-baidu-map": {
			"version": "0.21.22",
			"resolved": "https://registry.npmmirror.com/vue-baidu-map/-/vue-baidu-map-0.21.22.tgz",
			"integrity": "sha512-WQMPCih4UTh0AZCKKH/OVOYnyAWjfRNeK6BIeoLmscyY5aF8zzlJhz/NOHLb3mdztIpB0Z6aohn4Jd9mfCSjQw==",
			"requires": {
				"bmaplib.curveline": "^1.0.0",
				"bmaplib.heatmap": "^1.0.4",
				"bmaplib.lushu": "^1.0.7",
				"bmaplib.markerclusterer": "^1.0.13",
				"markdown-it": "^8.4.0"
			}
		}
	}
}
